
Microsoft Visual Studio Solution File, Format Version 12.00
# Visual Studio 15
Project("{FAE04EC0-301F-11D3-BF4B-00C04F79EFBC}") = "tutorialOfBook01.Android", "tutorialOfBook01.Android\tutorialOfBook01.Android.csproj", "{AD597548-D569-4A61-BFB9-CB6B0AD81980}"
EndProject
Project("{FAE04EC0-301F-11D3-BF4B-00C04F79EFBC}") = "tutorialOfBook01.iOS", "tutorialOfBook01.iOS\tutorialOfBook01.iOS.csproj", "{BAB227DC-8805-4E49-AC83-53D1CA50823C}"
EndProject
Project("{FAE04EC0-301F-11D3-BF4B-00C04F79EFBC}") = "tutorialOfBook01", "tutorialOfBook01\tutorialOfBook01.csproj", "{F002849D-C1D4-414D-9CAE-80AF6DACBCB0}"
EndProject
Global
	GlobalSection(SolutionConfigurationPlatforms) = preSolution
		Debug|Any CPU = Debug|Any CPU
		Release|Any CPU = Release|Any CPU
		Debug|iPhoneSimulator = Debug|iPhoneSimulator
		Release|iPhoneSimulator = Release|iPhoneSimulator
		Debug|iPhone = Debug|iPhone
		Release|iPhone = Release|iPhone
		Ad-Hoc|iPhone = Ad-Hoc|iPhone
		AppStore|iPhone = AppStore|iPhone
	EndGlobalSection
	GlobalSection(ProjectConfigurationPlatforms) = postSolution
		{AD597548-D569-4A61-BFB9-CB6B0AD81980}.Debug|Any CPU.ActiveCfg = Debug|Any CPU
		{AD597548-D569-4A61-BFB9-CB6B0AD81980}.Debug|Any CPU.Build.0 = Debug|Any CPU
		{AD597548-D569-4A61-BFB9-CB6B0AD81980}.Release|Any CPU.ActiveCfg = Release|Any CPU
		{AD597548-D569-4A61-BFB9-CB6B0AD81980}.Release|Any CPU.Build.0 = Release|Any CPU
		{AD597548-D569-4A61-BFB9-CB6B0AD81980}.Debug|iPhoneSimulator.ActiveCfg = Debug|Any CPU
		{AD597548-D569-4A61-BFB9-CB6B0AD81980}.Debug|iPhoneSimulator.Build.0 = Debug|Any CPU
		{AD597548-D569-4A61-BFB9-CB6B0AD81980}.Release|iPhoneSimulator.ActiveCfg = Release|Any CPU
		{AD597548-D569-4A61-BFB9-CB6B0AD81980}.Release|iPhoneSimulator.Build.0 = Release|Any CPU
		{AD597548-D569-4A61-BFB9-CB6B0AD81980}.Debug|iPhone.ActiveCfg = Debug|Any CPU
		{AD597548-D569-4A61-BFB9-CB6B0AD81980}.Debug|iPhone.Build.0 = Debug|Any CPU
		{AD597548-D569-4A61-BFB9-CB6B0AD81980}.Release|iPhone.ActiveCfg = Release|Any CPU
		{AD597548-D569-4A61-BFB9-CB6B0AD81980}.Release|iPhone.Build.0 = Release|Any CPU
		{AD597548-D569-4A61-BFB9-CB6B0AD81980}.Ad-Hoc|iPhone.ActiveCfg = Debug|Any CPU
		{AD597548-D569-4A61-BFB9-CB6B0AD81980}.Ad-Hoc|iPhone.Build.0 = Debug|Any CPU
		{AD597548-D569-4A61-BFB9-CB6B0AD81980}.AppStore|iPhone.ActiveCfg = Debug|Any CPU
		{AD597548-D569-4A61-BFB9-CB6B0AD81980}.AppStore|iPhone.Build.0 = Debug|Any CPU
		{BAB227DC-8805-4E49-AC83-53D1CA50823C}.Debug|Any CPU.ActiveCfg = Debug|iPhoneSimulator
		{BAB227DC-8805-4E49-AC83-53D1CA50823C}.Debug|Any CPU.Build.0 = Debug|iPhoneSimulator
		{BAB227DC-8805-4E49-AC83-53D1CA50823C}.Release|Any CPU.ActiveCfg = Release|iPhoneSimulator
		{BAB227DC-8805-4E49-AC83-53D1CA50823C}.Release|Any CPU.Build.0 = Release|iPhoneSimulator
		{BAB227DC-8805-4E49-AC83-53D1CA50823C}.Debug|iPhoneSimulator.ActiveCfg = Debug|iPhoneSimulator
		{BAB227DC-8805-4E49-AC83-53D1CA50823C}.Debug|iPhoneSimulator.Build.0 = Debug|iPhoneSimulator
		{BAB227DC-8805-4E49-AC83-53D1CA50823C}.Release|iPhoneSimulator.ActiveCfg = Release|iPhoneSimulator
		{BAB227DC-8805-4E49-AC83-53D1CA50823C}.Release|iPhoneSimulator.Build.0 = Release|iPhoneSimulator
		{BAB227DC-8805-4E49-AC83-53D1CA50823C}.Debug|iPhone.ActiveCfg = Debug|iPhone
		{BAB227DC-8805-4E49-AC83-53D1CA50823C}.Debug|iPhone.Build.0 = Debug|iPhone
		{BAB227DC-8805-4E49-AC83-53D1CA50823C}.Release|iPhone.ActiveCfg = Release|iPhone
		{BAB227DC-8805-4E49-AC83-53D1CA50823C}.Release|iPhone.Build.0 = Release|iPhone
		{BAB227DC-8805-4E49-AC83-53D1CA50823C}.Ad-Hoc|iPhone.ActiveCfg = Ad-Hoc|iPhone
		{BAB227DC-8805-4E49-AC83-53D1CA50823C}.Ad-Hoc|iPhone.Build.0 = Ad-Hoc|iPhone
		{BAB227DC-8805-4E49-AC83-53D1CA50823C}.AppStore|iPhone.ActiveCfg = AppStore|iPhone
		{BAB227DC-8805-4E49-AC83-53D1CA50823C}.AppStore|iPhone.Build.0 = AppStore|iPhone
		{F002849D-C1D4-414D-9CAE-80AF6DACBCB0}.Debug|Any CPU.ActiveCfg = Debug|Any CPU
		{F002849D-C1D4-414D-9CAE-80AF6DACBCB0}.Debug|Any CPU.Build.0 = Debug|Any CPU
		{F002849D-C1D4-414D-9CAE-80AF6DACBCB0}.Release|Any CPU.ActiveCfg = Release|Any CPU
		{F002849D-C1D4-414D-9CAE-80AF6DACBCB0}.Release|Any CPU.Build.0 = Release|Any CPU
		{F002849D-C1D4-414D-9CAE-80AF6DACBCB0}.Debug|iPhoneSimulator.ActiveCfg = Debug|Any CPU
		{F002849D-C1D4-414D-9CAE-80AF6DACBCB0}.Debug|iPhoneSimulator.Build.0 = Debug|Any CPU
		{F002849D-C1D4-414D-9CAE-80AF6DACBCB0}.Release|iPhoneSimulator.ActiveCfg = Release|Any CPU
		{F002849D-C1D4-414D-9CAE-80AF6DACBCB0}.Release|iPhoneSimulator.Build.0 = Release|Any CPU
		{F002849D-C1D4-414D-9CAE-80AF6DACBCB0}.Debug|iPhone.ActiveCfg = Debug|Any CPU
		{F002849D-C1D4-414D-9CAE-80AF6DACBCB0}.Debug|iPhone.Build.0 = Debug|Any CPU
		{F002849D-C1D4-414D-9CAE-80AF6DACBCB0}.Release|iPhone.ActiveCfg = Release|Any CPU
		{F002849D-C1D4-414D-9CAE-80AF6DACBCB0}.Release|iPhone.Build.0 = Release|Any CPU
		{F002849D-C1D4-414D-9CAE-80AF6DACBCB0}.Ad-Hoc|iPhone.ActiveCfg = Debug|Any CPU
		{F002849D-C1D4-414D-9CAE-80AF6DACBCB0}.Ad-Hoc|iPhone.Build.0 = Debug|Any CPU
		{F002849D-C1D4-414D-9CAE-80AF6DACBCB0}.AppStore|iPhone.ActiveCfg = Debug|Any CPU
		{F002849D-C1D4-414D-9CAE-80AF6DACBCB0}.AppStore|iPhone.Build.0 = Debug|Any CPU
	EndGlobalSection
EndGlobal
